// !$*UTF8*$!
{
	archiveVersion = 1;
	classes = {
	};
	objectVersion = 56;
	objects = {

/* Begin PBXBuildFile section */
		24219F1C293F3D2900F32899 /* AppDelegate.swift in Sources */ = {isa = PBXBuildFile; fileRef = 24219F1B293F3D2900F32899 /* AppDelegate.swift */; };
		24219F20293F3D2900F32899 /* TracksController.swift in Sources */ = {isa = PBXBuildFile; fileRef = 24219F1F293F3D2900F32899 /* TracksController.swift */; };
		24219F23293F3D2900F32899 /* Main.storyboard in Resources */ = {isa = PBXBuildFile; fileRef = 24219F21293F3D2900F32899 /* Main.storyboard */; };
		24219F25293F3D2B00F32899 /* Assets.xcassets in Resources */ = {isa = PBXBuildFile; fileRef = 24219F24293F3D2B00F32899 /* Assets.xcassets */; };
		24219F28293F3D2B00F32899 /* LaunchScreen.storyboard in Resources */ = {isa = PBXBuildFile; fileRef = 24219F26293F3D2B00F32899 /* LaunchScreen.storyboard */; };
		24219F30293F42F000F32899 /* TracksModel.swift in Sources */ = {isa = PBXBuildFile; fileRef = 24219F2F293F42F000F32899 /* TracksModel.swift */; };
		24219F33293F459E00F32899 /* TracksPresenter.swift in Sources */ = {isa = PBXBuildFile; fileRef = 24219F32293F459E00F32899 /* TracksPresenter.swift */; };
		24219F36293F4BF700F32899 /* TracksCollectionViewCell.swift in Sources */ = {isa = PBXBuildFile; fileRef = 24219F35293F4BF700F32899 /* TracksCollectionViewCell.swift */; };
		24219F38293F68E000F32899 /* GridLayout.swift in Sources */ = {isa = PBXBuildFile; fileRef = 24219F37293F68DF00F32899 /* GridLayout.swift */; };
		24219F3A293F88E300F32899 /* PlayerController.swift in Sources */ = {isa = PBXBuildFile; fileRef = 24219F39293F88E300F32899 /* PlayerController.swift */; };
		247C38C5294325F0000516ED /* ArtistPresenter.swift in Sources */ = {isa = PBXBuildFile; fileRef = 247C38C4294325F0000516ED /* ArtistPresenter.swift */; };
		247C38C729432704000516ED /* ArtistModel.swift in Sources */ = {isa = PBXBuildFile; fileRef = 247C38C629432704000516ED /* ArtistModel.swift */; };
		247C38C929433081000516ED /* ArtistDetailsController.swift in Sources */ = {isa = PBXBuildFile; fileRef = 247C38C829433081000516ED /* ArtistDetailsController.swift */; };
		A929900BEFF630E1F096CE6C /* Pods_Musicplayer.framework in Frameworks */ = {isa = PBXBuildFile; fileRef = B6A514FA91A9DE939F89C815 /* Pods_Musicplayer.framework */; };
/* End PBXBuildFile section */

/* Begin PBXFileReference section */
		24219F18293F3D2900F32899 /* Musicplayer.app */ = {isa = PBXFileReference; explicitFileType = wrapper.application; includeInIndex = 0; path = Musicplayer.app; sourceTree = BUILT_PRODUCTS_DIR; };
		24219F1B293F3D2900F32899 /* AppDelegate.swift */ = {isa = PBXFileReference; lastKnownFileType = sourcecode.swift; path = AppDelegate.swift; sourceTree = "<group>"; };
		24219F1F293F3D2900F32899 /* TracksController.swift */ = {isa = PBXFileReference; lastKnownFileType = sourcecode.swift; path = TracksController.swift; sourceTree = "<group>"; };
		24219F22293F3D2900F32899 /* Base */ = {isa = PBXFileReference; lastKnownFileType = file.storyboard; name = Base; path = Base.lproj/Main.storyboard; sourceTree = "<group>"; };
		24219F24293F3D2B00F32899 /* Assets.xcassets */ = {isa = PBXFileReference; lastKnownFileType = folder.assetcatalog; path = Assets.xcassets; sourceTree = "<group>"; };
		24219F27293F3D2B00F32899 /* Base */ = {isa = PBXFileReference; lastKnownFileType = file.storyboard; name = Base; path = Base.lproj/LaunchScreen.storyboard; sourceTree = "<group>"; };
		24219F29293F3D2B00F32899 /* Info.plist */ = {isa = PBXFileReference; lastKnownFileType = text.plist.xml; path = Info.plist; sourceTree = "<group>"; };
		24219F2F293F42F000F32899 /* TracksModel.swift */ = {isa = PBXFileReference; lastKnownFileType = sourcecode.swift; path = TracksModel.swift; sourceTree = "<group>"; };
		24219F32293F459E00F32899 /* TracksPresenter.swift */ = {isa = PBXFileReference; lastKnownFileType = sourcecode.swift; path = TracksPresenter.swift; sourceTree = "<group>"; };
		24219F35293F4BF700F32899 /* TracksCollectionViewCell.swift */ = {isa = PBXFileReference; lastKnownFileType = sourcecode.swift; path = TracksCollectionViewCell.swift; sourceTree = "<group>"; };
		24219F37293F68DF00F32899 /* GridLayout.swift */ = {isa = PBXFileReference; fileEncoding = 4; lastKnownFileType = sourcecode.swift; path = GridLayout.swift; sourceTree = "<group>"; };
		24219F39293F88E300F32899 /* PlayerController.swift */ = {isa = PBXFileReference; lastKnownFileType = sourcecode.swift; path = PlayerController.swift; sourceTree = "<group>"; };
		247C38C4294325F0000516ED /* ArtistPresenter.swift */ = {isa = PBXFileReference; lastKnownFileType = sourcecode.swift; path = ArtistPresenter.swift; sourceTree = "<group>"; };
		247C38C629432704000516ED /* ArtistModel.swift */ = {isa = PBXFileReference; lastKnownFileType = sourcecode.swift; path = ArtistModel.swift; sourceTree = "<group>"; };
		247C38C829433081000516ED /* ArtistDetailsController.swift */ = {isa = PBXFileReference; lastKnownFileType = sourcecode.swift; path = ArtistDetailsController.swift; sourceTree = "<group>"; };
		62AEB68220A552AA1D7AABF1 /* Pods-Musicplayer.release.xcconfig */ = {isa = PBXFileReference; includeInIndex = 1; lastKnownFileType = text.xcconfig; name = "Pods-Musicplayer.release.xcconfig"; path = "Target Support Files/Pods-Musicplayer/Pods-Musicplayer.release.xcconfig"; sourceTree = "<group>"; };
		7617BE2A4B3C84BB67D47776 /* Pods-Musicplayer.debug.xcconfig */ = {isa = PBXFileReference; includeInIndex = 1; lastKnownFileType = text.xcconfig; name = "Pods-Musicplayer.debug.xcconfig"; path = "Target Support Files/Pods-Musicplayer/Pods-Musicplayer.debug.xcconfig"; sourceTree = "<group>"; };
		B6A514FA91A9DE939F89C815 /* Pods_Musicplayer.framework */ = {isa = PBXFileReference; explicitFileType = wrapper.framework; includeInIndex = 0; path = Pods_Musicplayer.framework; sourceTree = BUILT_PRODUCTS_DIR; };
/* End PBXFileReference section */

/* Begin PBXFrameworksBuildPhase section */
		24219F15293F3D2900F32899 /* Frameworks */ = {
			isa = PBXFrameworksBuildPhase;
			buildActionMask = 2147483647;
			files = (
				A929900BEFF630E1F096CE6C /* Pods_Musicplayer.framework in Frameworks */,
			);
			runOnlyForDeploymentPostprocessing = 0;
		};
/* End PBXFrameworksBuildPhase section */

/* Begin PBXGroup section */
		24219F0F293F3D2900F32899 = {
			isa = PBXGroup;
			children = (
				24219F1A293F3D2900F32899 /* Musicplayer */,
				24219F19293F3D2900F32899 /* Products */,
				7CB7C9D551486B44B1BBD6FA /* Pods */,
				7A2DC69EE517879374563A78 /* Frameworks */,
			);
			sourceTree = "<group>";
		};
		24219F19293F3D2900F32899 /* Products */ = {
			isa = PBXGroup;
			children = (
				24219F18293F3D2900F32899 /* Musicplayer.app */,
			);
			name = Products;
			sourceTree = "<group>";
		};
		24219F1A293F3D2900F32899 /* Musicplayer */ = {
			isa = PBXGroup;
			children = (
				24219F37293F68DF00F32899 /* GridLayout.swift */,
				24219F34293F492D00F32899 /* AppDelegate */,
				24219F31293F42F500F32899 /* Models */,
				24CA2BAD29407B7000B3AFDD /* TracksMVP */,
				24219F39293F88E300F32899 /* PlayerController.swift */,
				247C38CA29433086000516ED /* ArtistMVP */,
				24CA2BAE29408C9800B3AFDD /* Storyboards */,
				24219F24293F3D2B00F32899 /* Assets.xcassets */,
				24219F26293F3D2B00F32899 /* LaunchScreen.storyboard */,
				24219F29293F3D2B00F32899 /* Info.plist */,
			);
			path = Musicplayer;
			sourceTree = "<group>";
		};
		24219F31293F42F500F32899 /* Models */ = {
			isa = PBXGroup;
			children = (
				24219F2F293F42F000F32899 /* TracksModel.swift */,
				247C38C629432704000516ED /* ArtistModel.swift */,
			);
			path = Models;
			sourceTree = "<group>";
		};
		24219F34293F492D00F32899 /* AppDelegate */ = {
			isa = PBXGroup;
			children = (
				24219F1B293F3D2900F32899 /* AppDelegate.swift */,
			);
			path = AppDelegate;
			sourceTree = "<group>";
		};
		247C38CA29433086000516ED /* ArtistMVP */ = {
			isa = PBXGroup;
			children = (
				247C38C4294325F0000516ED /* ArtistPresenter.swift */,
				247C38C829433081000516ED /* ArtistDetailsController.swift */,
			);
			path = ArtistMVP;
			sourceTree = "<group>";
		};
		24CA2BAD29407B7000B3AFDD /* TracksMVP */ = {
			isa = PBXGroup;
			children = (
				24219F1F293F3D2900F32899 /* TracksController.swift */,
				24219F35293F4BF700F32899 /* TracksCollectionViewCell.swift */,
				24219F32293F459E00F32899 /* TracksPresenter.swift */,
			);
			path = TracksMVP;
			sourceTree = "<group>";
		};
		24CA2BAE29408C9800B3AFDD /* Storyboards */ = {
			isa = PBXGroup;
			children = (
				24219F21293F3D2900F32899 /* Main.storyboard */,
			);
			path = Storyboards;
			sourceTree = "<group>";
		};
		7A2DC69EE517879374563A78 /* Frameworks */ = {
			isa = PBXGroup;
			children = (
				B6A514FA91A9DE939F89C815 /* Pods_Musicplayer.framework */,
			);
			name = Frameworks;
			sourceTree = "<group>";
		};
		7CB7C9D551486B44B1BBD6FA /* Pods */ = {
			isa = PBXGroup;
			children = (
				7617BE2A4B3C84BB67D47776 /* Pods-Musicplayer.debug.xcconfig */,
				62AEB68220A552AA1D7AABF1 /* Pods-Musicplayer.release.xcconfig */,
			);
			path = Pods;
			sourceTree = "<group>";
		};
/* End PBXGroup section */

/* Begin PBXNativeTarget section */
		24219F17293F3D2900F32899 /* Musicplayer */ = {
			isa = PBXNativeTarget;
			buildConfigurationList = 24219F2C293F3D2B00F32899 /* Build configuration list for PBXNativeTarget "Musicplayer" */;
			buildPhases = (
				A09E1263F484AE88743EE383 /* [CP] Check Pods Manifest.lock */,
				24219F14293F3D2900F32899 /* Sources */,
				24219F15293F3D2900F32899 /* Frameworks */,
				24219F16293F3D2900F32899 /* Resources */,
				7BA9B78B8A423D1DABB379D3 /* [CP] Embed Pods Frameworks */,
			);
			buildRules = (
			);
			dependencies = (
			);
			name = Musicplayer;
			productName = Musicplayer;
			productReference = 24219F18293F3D2900F32899 /* Musicplayer.app */;
			productType = "com.apple.product-type.application";
		};
/* End PBXNativeTarget section */

/* Begin PBXProject section */
		24219F10293F3D2900F32899 /* Project object */ = {
			isa = PBXProject;
			attributes = {
				BuildIndependentTargetsInParallel = 1;
				LastSwiftUpdateCheck = 1400;
				LastUpgradeCheck = 1400;
				TargetAttributes = {
					24219F17293F3D2900F32899 = {
						CreatedOnToolsVersion = 14.0.1;
					};
				};
			};
			buildConfigurationList = 24219F13293F3D2900F32899 /* Build configuration list for PBXProject "Musicplayer" */;
			compatibilityVersion = "Xcode 14.0";
			developmentRegion = en;
			hasScannedForEncodings = 0;
			knownRegions = (
				en,
				Base,
			);
			mainGroup = 24219F0F293F3D2900F32899;
			productRefGroup = 24219F19293F3D2900F32899 /* Products */;
			projectDirPath = "";
			projectRoot = "";
			targets = (
				24219F17293F3D2900F32899 /* Musicplayer */,
			);
		};
/* End PBXProject section */

/* Begin PBXResourcesBuildPhase section */
		24219F16293F3D2900F32899 /* Resources */ = {
			isa = PBXResourcesBuildPhase;
			buildActionMask = 2147483647;
			files = (
				24219F28293F3D2B00F32899 /* LaunchScreen.storyboard in Resources */,
				24219F25293F3D2B00F32899 /* Assets.xcassets in Resources */,
				24219F23293F3D2900F32899 /* Main.storyboard in Resources */,
			);
			runOnlyForDeploymentPostprocessing = 0;
		};
/* End PBXResourcesBuildPhase section */

/* Begin PBXShellScriptBuildPhase section */
		7BA9B78B8A423D1DABB379D3 /* [CP] Embed Pods Frameworks */ = {
			isa = PBXShellScriptBuildPhase;
			buildActionMask = 2147483647;
			files = (
			);
			inputFileListPaths = (
				"${PODS_ROOT}/Target Support Files/Pods-Musicplayer/Pods-Musicplayer-frameworks-${CONFIGURATION}-input-files.xcfilelist",
			);
			name = "[CP] Embed Pods Frameworks";
			outputFileListPaths = (
				"${PODS_ROOT}/Target Support Files/Pods-Musicplayer/Pods-Musicplayer-frameworks-${CONFIGURATION}-output-files.xcfilelist",
			);
			runOnlyForDeploymentPostprocessing = 0;
			shellPath = /bin/sh;
			shellScript = "\"${PODS_ROOT}/Target Support Files/Pods-Musicplayer/Pods-Musicplayer-frameworks.sh\"\n";
			showEnvVarsInLog = 0;
		};
		A09E1263F484AE88743EE383 /* [CP] Check Pods Manifest.lock */ = {
			isa = PBXShellScriptBuildPhase;
			buildActionMask = 2147483647;
			files = (
			);
			inputFileListPaths = (
			);
			inputPaths = (
				"${PODS_PODFILE_DIR_PATH}/Podfile.lock",
				"${PODS_ROOT}/Manifest.lock",
			);
			name = "[CP] Check Pods Manifest.lock";
			outputFileListPaths = (
			);
			outputPaths = (
				"$(DERIVED_FILE_DIR)/Pods-Musicplayer-checkManifestLockResult.txt",
			);
			runOnlyForDeploymentPostprocessing = 0;
			shellPath = /bin/sh;
			shellScript = "diff \"${PODS_PODFILE_DIR_PATH}/Podfile.lock\" \"${PODS_ROOT}/Manifest.lock\" > /dev/null\nif [ $? != 0 ] ; then\n    # print error to STDERR\n    echo \"error: The sandbox is not in sync with the Podfile.lock. Run 'pod install' or update your CocoaPods installation.\" >&2\n    exit 1\nfi\n# This output is used by Xcode 'outputs' to avoid re-running this script phase.\necho \"SUCCESS\" > \"${SCRIPT_OUTPUT_FILE_0}\"\n";
			showEnvVarsInLog = 0;
		};
/* End PBXShellScriptBuildPhase section */

/* Begin PBXSourcesBuildPhase section */
		24219F14293F3D2900F32899 /* Sources */ = {
			isa = PBXSourcesBuildPhase;
			buildActionMask = 2147483647;
			files = (
				24219F20293F3D2900F32899 /* TracksController.swift in Sources */,
				24219F36293F4BF700F32899 /* TracksCollectionViewCell.swift in Sources */,
				24219F30293F42F000F32899 /* TracksModel.swift in Sources */,
				24219F38293F68E000F32899 /* GridLayout.swift in Sources */,
				247C38C729432704000516ED /* ArtistModel.swift in Sources */,
				24219F3A293F88E300F32899 /* PlayerController.swift in Sources */,
				24219F1C293F3D2900F32899 /* AppDelegate.swift in Sources */,
				24219F33293F459E00F32899 /* TracksPresenter.swift in Sources */,
				247C38C5294325F0000516ED /* ArtistPresenter.swift in Sources */,
				247C38C929433081000516ED /* ArtistDetailsController.swift in Sources */,
			);
			runOnlyForDeploymentPostprocessing = 0;
		};
/* End PBXSourcesBuildPhase section */

/* Begin PBXVariantGroup section */
		24219F21293F3D2900F32899 /* Main.storyboard */ = {
			isa = PBXVariantGroup;
			children = (
				24219F22293F3D2900F32899 /* Base */,
			);
			name = Main.storyboard;
			sourceTree = "<group>";
		};
		24219F26293F3D2B00F32899 /* LaunchScreen.storyboard */ = {
			isa = PBXVariantGroup;
			children = (
				24219F27293F3D2B00F32899 /* Base */,
			);
			name = LaunchScreen.storyboard;
			sourceTree = "<group>";
		};
/* End PBXVariantGroup section */

/* Begin XCBuildConfiguration section */
		24219F2A293F3D2B00F32899 /* Debug */ = {
			isa = XCBuildConfiguration;
			buildSettings = {
				ALWAYS_SEARCH_USER_PATHS = NO;
				CLANG_ANALYZER_NONNULL = YES;
				CLANG_ANALYZER_NUMBER_OBJECT_CONVERSION = YES_AGGRESSIVE;
				CLANG_CXX_LANGUAGE_STANDARD = "gnu++20";
				CLANG_ENABLE_MODULES = YES;
				CLANG_ENABLE_OBJC_ARC = YES;
				CLANG_ENABLE_OBJC_WEAK = YES;
				CLANG_WARN_BLOCK_CAPTURE_AUTORELEASING = YES;
				CLANG_WARN_BOOL_CONVERSION = YES;
				CLANG_WARN_COMMA = YES;
				CLANG_WARN_CONSTANT_CONVERSION = YES;
				CLANG_WARN_DEPRECATED_OBJC_IMPLEMENTATIONS = YES;
				CLANG_WARN_DIRECT_OBJC_ISA_USAGE = YES_ERROR;
				CLANG_WARN_DOCUMENTATION_COMMENTS = YES;
				CLANG_WARN_EMPTY_BODY = YES;
				CLANG_WARN_ENUM_CONVERSION = YES;
				CLANG_WARN_INFINITE_RECURSION = YES;
				CLANG_WARN_INT_CONVERSION = YES;
				CLANG_WARN_NON_LITERAL_NULL_CONVERSION = YES;
				CLANG_WARN_OBJC_IMPLICIT_RETAIN_SELF = YES;
				CLANG_WARN_OBJC_LITERAL_CONVERSION = YES;
				CLANG_WARN_OBJC_ROOT_CLASS = YES_ERROR;
				CLANG_WARN_QUOTED_INCLUDE_IN_FRAMEWORK_HEADER = YES;
				CLANG_WARN_RANGE_LOOP_ANALYSIS = YES;
				CLANG_WARN_STRICT_PROTOTYPES = YES;
				CLANG_WARN_SUSPICIOUS_MOVE = YES;
				CLANG_WARN_UNGUARDED_AVAILABILITY = YES_AGGRESSIVE;
				CLANG_WARN_UNREACHABLE_CODE = YES;
				CLANG_WARN__DUPLICATE_METHOD_MATCH = YES;
				COPY_PHASE_STRIP = NO;
				DEBUG_INFORMATION_FORMAT = dwarf;
				ENABLE_STRICT_OBJC_MSGSEND = YES;
				ENABLE_TESTABILITY = YES;
				GCC_C_LANGUAGE_STANDARD = gnu11;
				GCC_DYNAMIC_NO_PIC = NO;
				GCC_NO_COMMON_BLOCKS = YES;
				GCC_OPTIMIZATION_LEVEL = 0;
				GCC_PREPROCESSOR_DEFINITIONS = (
					"DEBUG=1",
					"$(inherited)",
				);
				GCC_WARN_64_TO_32_BIT_CONVERSION = YES;
				GCC_WARN_ABOUT_RETURN_TYPE = YES_ERROR;
				GCC_WARN_UNDECLARED_SELECTOR = YES;
				GCC_WARN_UNINITIALIZED_AUTOS = YES_AGGRESSIVE;
				GCC_WARN_UNUSED_FUNCTION = YES;
				GCC_WARN_UNUSED_VARIABLE = YES;
				IPHONEOS_DEPLOYMENT_TARGET = 16.0;
				MTL_ENABLE_DEBUG_INFO = INCLUDE_SOURCE;
				MTL_FAST_MATH = YES;
				ONLY_ACTIVE_ARCH = YES;
				SDKROOT = iphoneos;
				SWIFT_ACTIVE_COMPILATION_CONDITIONS = DEBUG;
				SWIFT_OPTIMIZATION_LEVEL = "-Onone";
			};
			name = Debug;
		};
		24219F2B293F3D2B00F32899 /* Release */ = {
			isa = XCBuildConfiguration;
			buildSettings = {
				ALWAYS_SEARCH_USER_PATHS = NO;
				CLANG_ANALYZER_NONNULL = YES;
				CLANG_ANALYZER_NUMBER_OBJECT_CONVERSION = YES_AGGRESSIVE;
				CLANG_CXX_LANGUAGE_STANDARD = "gnu++20";
				CLANG_ENABLE_MODULES = YES;
				CLANG_ENABLE_OBJC_ARC = YES;
				CLANG_ENABLE_OBJC_WEAK = YES;
				CLANG_WARN_BLOCK_CAPTURE_AUTORELEASING = YES;
				CLANG_WARN_BOOL_CONVERSION = YES;
				CLANG_WARN_COMMA = YES;
				CLANG_WARN_CONSTANT_CONVERSION = YES;
				CLANG_WARN_DEPRECATED_OBJC_IMPLEMENTATIONS = YES;
				CLANG_WARN_DIRECT_OBJC_ISA_USAGE = YES_ERROR;
				CLANG_WARN_DOCUMENTATION_COMMENTS = YES;
				CLANG_WARN_EMPTY_BODY = YES;
				CLANG_WARN_ENUM_CONVERSION = YES;
				CLANG_WARN_INFINITE_RECURSION = YES;
				CLANG_WARN_INT_CONVERSION = YES;
				CLANG_WARN_NON_LITERAL_NULL_CONVERSION = YES;
				CLANG_WARN_OBJC_IMPLICIT_RETAIN_SELF = YES;
				CLANG_WARN_OBJC_LITERAL_CONVERSION = YES;
				CLANG_WARN_OBJC_ROOT_CLASS = YES_ERROR;
				CLANG_WARN_QUOTED_INCLUDE_IN_FRAMEWORK_HEADER = YES;
				CLANG_WARN_RANGE_LOOP_ANALYSIS = YES;
				CLANG_WARN_STRICT_PROTOTYPES = YES;
				CLANG_WARN_SUSPICIOUS_MOVE = YES;
				CLANG_WARN_UNGUARDED_AVAILABILITY = YES_AGGRESSIVE;
				CLANG_WARN_UNREACHABLE_CODE = YES;
				CLANG_WARN__DUPLICATE_METHOD_MATCH = YES;
				COPY_PHASE_STRIP = NO;
				DEBUG_INFORMATION_FORMAT = "dwarf-with-dsym";
				ENABLE_NS_ASSERTIONS = NO;
				ENABLE_STRICT_OBJC_MSGSEND = YES;
				GCC_C_LANGUAGE_STANDARD = gnu11;
				GCC_NO_COMMON_BLOCKS = YES;
				GCC_WARN_64_TO_32_BIT_CONVERSION = YES;
				GCC_WARN_ABOUT_RETURN_TYPE = YES_ERROR;
				GCC_WARN_UNDECLARED_SELECTOR = YES;
				GCC_WARN_UNINITIALIZED_AUTOS = YES_AGGRESSIVE;
				GCC_WARN_UNUSED_FUNCTION = YES;
				GCC_WARN_UNUSED_VARIABLE = YES;
				IPHONEOS_DEPLOYMENT_TARGET = 16.0;
				MTL_ENABLE_DEBUG_INFO = NO;
				MTL_FAST_MATH = YES;
				SDKROOT = iphoneos;
				SWIFT_COMPILATION_MODE = wholemodule;
				SWIFT_OPTIMIZATION_LEVEL = "-O";
				VALIDATE_PRODUCT = YES;
			};
			name = Release;
		};
		24219F2D293F3D2B00F32899 /* Debug */ = {
			isa = XCBuildConfiguration;
			baseConfigurationReference = 7617BE2A4B3C84BB67D47776 /* Pods-Musicplayer.debug.xcconfig */;
			buildSettings = {
				ASSETCATALOG_COMPILER_APPICON_NAME = AppIcon;
				ASSETCATALOG_COMPILER_GLOBAL_ACCENT_COLOR_NAME = AccentColor;
				CODE_SIGN_STYLE = Automatic;
				CURRENT_PROJECT_VERSION = 1;
				DEVELOPMENT_TEAM = D6UJKFK6N4;
				GENERATE_INFOPLIST_FILE = YES;
				INFOPLIST_FILE = Musicplayer/Info.plist;
				INFOPLIST_KEY_UIApplicationSupportsIndirectInputEvents = YES;
				INFOPLIST_KEY_UILaunchStoryboardName = LaunchScreen;
				INFOPLIST_KEY_UIMainStoryboardFile = Main;
				INFOPLIST_KEY_UISupportedInterfaceOrientations_iPad = "UIInterfaceOrientationPortrait UIInterfaceOrientationPortraitUpsideDown UIInterfaceOrientationLandscapeLeft UIInterfaceOrientationLandscapeRight";
				INFOPLIST_KEY_UISupportedInterfaceOrientations_iPhone = "UIInterfaceOrientationPortrait UIInterfaceOrientationLandscapeLeft UIInterfaceOrientationLandscapeRight";
				LD_RUNPATH_SEARCH_PATHS = (
					"$(inherited)",
					"@executable_path/Frameworks",
				);
				MARKETING_VERSION = 1.0;
				PRODUCT_BUNDLE_IDENTIFIER = ognjen.Musicplayer;
				PRODUCT_NAME = "$(TARGET_NAME)";
				SWIFT_EMIT_LOC_STRINGS = YES;
				SWIFT_VERSION = 5.0;
				TARGETED_DEVICE_FAMILY = "1,2";
			};
			name = Debug;
		};
		24219F2E293F3D2B00F32899 /* Release */ = {
			isa = XCBuildConfiguration;
			baseConfigurationReference = 62AEB68220A552AA1D7AABF1 /* Pods-Musicplayer.release.xcconfig */;
			buildSettings = {
				ASSETCATALOG_COMPILER_APPICON_NAME = AppIcon;
				ASSETCATALOG_COMPILER_GLOBAL_ACCENT_COLOR_NAME = AccentColor;
				CODE_SIGN_STYLE = Automatic;
				CURRENT_PROJECT_VERSION = 1;
				DEVELOPMENT_TEAM = D6UJKFK6N4;
				GENERATE_INFOPLIST_FILE = YES;
				INFOPLIST_FILE = Musicplayer/Info.plist;
				INFOPLIST_KEY_UIApplicationSupportsIndirectInputEvents = YES;
				INFOPLIST_KEY_UILaunchStoryboardName = LaunchScreen;
				INFOPLIST_KEY_UIMainStoryboardFile = Main;
				INFOPLIST_KEY_UISupportedInterfaceOrientations_iPad = "UIInterfaceOrientationPortrait UIInterfaceOrientationPortraitUpsideDown UIInterfaceOrientationLandscapeLeft UIInterfaceOrientationLandscapeRight";
				INFOPLIST_KEY_UISupportedInterfaceOrientations_iPhone = "UIInterfaceOrientationPortrait UIInterfaceOrientationLandscapeLeft UIInterfaceOrientationLandscapeRight";
				LD_RUNPATH_SEARCH_PATHS = (
					"$(inherited)",
					"@executable_path/Frameworks",
				);
				MARKETING_VERSION = 1.0;
				PRODUCT_BUNDLE_IDENTIFIER = ognjen.Musicplayer;
				PRODUCT_NAME = "$(TARGET_NAME)";
				SWIFT_EMIT_LOC_STRINGS = YES;
				SWIFT_VERSION = 5.0;
				TARGETED_DEVICE_FAMILY = "1,2";
			};
			name = Release;
		};
/* End XCBuildConfiguration section */

/* Begin XCConfigurationList section */
		24219F13293F3D2900F32899 /* Build configuration list for PBXProject "Musicplayer" */ = {
			isa = XCConfigurationList;
			buildConfigurations = (
				24219F2A293F3D2B00F32899 /* Debug */,
				24219F2B293F3D2B00F32899 /* Release */,
			);
			defaultConfigurationIsVisible = 0;
			defaultConfigurationName = Release;
		};
		24219F2C293F3D2B00F32899 /* Build configuration list for PBXNativeTarget "Musicplayer" */ = {
			isa = XCConfigurationList;
			buildConfigurations = (
				24219F2D293F3D2B00F32899 /* Debug */,
				24219F2E293F3D2B00F32899 /* Release */,
			);
			defaultConfigurationIsVisible = 0;
			defaultConfigurationName = Release;
		};
/* End XCConfigurationList section */
	};
	rootObject = 24219F10293F3D2900F32899 /* Project object */;
}
